# Generated by conda-lock.
# platform: win-64
# input_hash: 4526c97fd44b05815a0c258507d52758da06f41425c892e907f5c7d66125ef85
@EXPLICIT
https://conda.anaconda.org/conda-forge/win-64/eigen-5.0.1-h5112557_0.conda#0580baa22b9e354b61529f59b10ef651
https://conda.anaconda.org/conda-forge/noarch/font-ttf-dejavu-sans-mono-2.37-hab24e00_0.tar.bz2#0c96522c6bdaed4b1566d11387caaf45
https://conda.anaconda.org/conda-forge/noarch/font-ttf-inconsolata-3.000-h77eed37_0.tar.bz2#34893075a5c9e55cdafac56607368fc6
https://conda.anaconda.org/conda-forge/noarch/font-ttf-source-code-pro-2.038-h77eed37_0.tar.bz2#4d59c254e01d9cde7957100457e2d5fb
https://conda.anaconda.org/conda-forge/noarch/font-ttf-ubuntu-0.83-h77eed37_3.conda#49023d73832ef61042f6a237cb2687e7
https://conda.anaconda.org/conda-forge/win-64/libboost-headers-1.82.0-h57928b3_6.conda#7feb05147c063f56714526c5833e10b7
https://conda.anaconda.org/conda-forge/win-64/msys2-conda-epoch-20160418-1.tar.bz2#b0309b72560df66f71a9d5e34a5efdfa
https://conda.anaconda.org/conda-forge/noarch/poppler-data-0.4.12-hd8ed1ab_0.conda#d8d7293c5b37f39b2ac32940621c6592
https://conda.anaconda.org/conda-forge/noarch/python_abi-3.10-8_cp310.conda#05e00f3b21e88bb3d658ac700b2ce58c
https://conda.anaconda.org/conda-forge/noarch/tzdata-2026c-h151e31d_0.conda#fcb489df604d100968b737f2cb6076c6
https://conda.anaconda.org/conda-forge/win-64/ucrt-10.0.26100.0-h57928b3_0.conda#71b24316859acd00bdb8b38f5e2ce328
https://conda.anaconda.org/conda-forge/win-64/winpty-0.4.3-4.tar.bz2#1cee351bf20b830d991dbe0bc8cd7dfe
https://conda.anaconda.org/conda-forge/noarch/ca-certificates-2026.7.22-h4c7d964_0.conda#e27d2ac27b096dc51fedfcf775a53f9b
https://conda.anaconda.org/conda-forge/noarch/fonts-conda-forge-1-hc364b38_1.conda#a7970cd949a077b7cb9696379d338681
https://conda.anaconda.org/conda-forge/win-64/m2-filesystem-2016.04-4.tar.bz2#d2bb4d8da1107e5aeacd19c94d94362d
https://conda.anaconda.org/conda-forge/win-64/m2-gmp-6.1.0-3.tar.bz2#fc235ca4b588c982a76b3f07afc5b312
https://conda.anaconda.org/conda-forge/win-64/m2-msys2-runtime-2.5.0.17080.65c939c-3.tar.bz2#ce25c58bc90071bf71f3d472cb8dfbce
https://conda.anaconda.org/conda-forge/win-64/m2w64-gmp-6.1.0-2.tar.bz2#53a1c73e1e3d185516d7e3af177596d9
https://conda.anaconda.org/conda-forge/win-64/m2w64-headers-git-5.0.0.4636.c0ad18a-2.tar.bz2#8f626e9bfef28b4315d7d27837a59940
https://conda.anaconda.org/conda-forge/win-64/m2w64-isl-0.16.1-2.tar.bz2#b1808761f01786336d40c7851830c6a4
https://conda.anaconda.org/conda-forge/win-64/m2w64-libiconv-1.14-6.tar.bz2#e701397b4fc0cf3fae3d93ab16223206
https://conda.anaconda.org/conda-forge/win-64/m2w64-libmangle-git-5.0.0.4509.2e5a9a2-2.tar.bz2#0d0771c17e68257870e54a1b8331a2e0
https://conda.anaconda.org/conda-forge/win-64/m2w64-libwinpthread-git-5.0.0.4634.697f757-2.tar.bz2#774130a326dee16f1ceb05cc687ee4f0
https://conda.anaconda.org/conda-forge/win-64/m2w64-make-4.1.2351.a80a8b8-2.tar.bz2#c643173cf6472a59987047abe13ff81f
https://conda.anaconda.org/conda-forge/win-64/m2w64-windows-default-manifest-6.4-3.tar.bz2#d11b679f10d4d6ce30a3e519e0cf20f8
https://conda.anaconda.org/conda-forge/win-64/vcomp14-14.51.36247-habf1de7_41.conda#350bb67a5c8e5f1c53347ac544ab6600
https://conda.anaconda.org/conda-forge/noarch/fonts-conda-ecosystem-1-0.tar.bz2#fee5683a3f04bd15cbd8318b096a27ab
https://conda.anaconda.org/conda-forge/win-64/m2-bash-4.3.042-5.tar.bz2#d5b774cd54c9f764af2162c50de6b2bb
https://conda.anaconda.org/conda-forge/win-64/m2-gcc-libs-5.3.0-4.tar.bz2#51f9bee002e596f14e31c4f528f1fe6c
https://conda.anaconda.org/conda-forge/win-64/m2w64-crt-git-5.0.0.4636.2595836-2.tar.bz2#37448f28faca6064fafeb8e6aa6ca5e8
https://conda.anaconda.org/conda-forge/win-64/m2w64-gcc-libs-core-5.3.0-7.tar.bz2#4289d80fb4d272f1f3b56cfe87ac90bd
https://conda.anaconda.org/conda-forge/win-64/m2w64-mpfr-3.1.4-4.tar.bz2#c06ce7a4ec998764e3e3c38f9985bceb
https://conda.anaconda.org/conda-forge/win-64/m2w64-pkg-config-0.29.1-2.tar.bz2#4ed300fbe71af8e329e6ba832cc05b23
https://conda.anaconda.org/conda-forge/win-64/vc14_runtime-14.51.36247-habf1de7_41.conda#ac5333bb3d429361f23adf704cc49a78
https://conda.anaconda.org/conda-forge/win-64/m2-libiconv-1.14-3.tar.bz2#059d5bccb119e0e239412c2f88273155
https://conda.anaconda.org/conda-forge/win-64/m2w64-gcc-libgfortran-5.3.0-6.tar.bz2#066552ac6b907ec6d72c0ddab29050dc
https://conda.anaconda.org/conda-forge/win-64/m2w64-mpc-1.0.3-3.tar.bz2#72502d5f62355d8df26b026653e79486
https://conda.anaconda.org/conda-forge/win-64/m2w64-winpthreads-git-5.0.0.4634.697f757-2.tar.bz2#711689d5ea33b80960d1e1b0f11a2519
https://conda.anaconda.org/conda-forge/win-64/vc-14.5-ha367084_41.conda#aa805b5522c2a98fa286e551a1f48546
https://conda.anaconda.org/conda-forge/win-64/vs2015_runtime-14.51.36247-h633cb9f_41.conda#21504569fa34b5d3a67760219e3ff1cc
https://conda.anaconda.org/conda-forge/win-64/aws-c-common-0.9.17-h2466b09_0.conda#45f674089045f64c35d1ba0485842b99
https://conda.anaconda.org/conda-forge/win-64/bzip2-1.0.8-h0ad9c76_10.conda#c3301c058362f340100d91cd8be0393f
https://conda.anaconda.org/conda-forge/win-64/c-ares-1.34.8-h6a83c73_2.conda#b5a0be28d048d8bbe81df51e4b750500
https://conda.anaconda.org/conda-forge/win-64/double-conversion-3.3.1-he0c23c2_0.conda#e9a1402439c18a4e3c7a52e4246e9e1c
https://conda.anaconda.org/conda-forge/win-64/fmt-10.2.1-h181d51b_0.conda#4253b572559cc775cae49def5c97b3c0
https://conda.anaconda.org/conda-forge/win-64/geos-3.12.1-h1537add_0.conda#02fdccc66ed44a8f9f3731d15f445724
https://conda.anaconda.org/conda-forge/win-64/glew-2.1.0-h39d44d4_2.tar.bz2#840d21c1ee66b91af3d0211e7766393a
https://conda.anaconda.org/conda-forge/win-64/graphite2-1.3.15-h5112557_1.conda#79538e7a7bc024084eda5989f73fde35
https://conda.anaconda.org/conda-forge/win-64/icu-73.2-h63175ca_0.conda#0f47d9e3192d9e09ae300da0d28e0f56
https://conda.anaconda.org/conda-forge/win-64/lerc-4.2.0-hd936e49_0.conda#add59e2b60ac9d4299d17c938185c75a
https://conda.anaconda.org/conda-forge/win-64/libabseil-20240116.2-cxx17_he0c23c2_1.conda#19725e54b7f996e0a5748ec5e9e37ae9
https://conda.anaconda.org/conda-forge/win-64/libaec-1.1.5-haf901d7_0.conda#43b6385cfad52a7083f2c41984eb4e91
https://conda.anaconda.org/conda-forge/win-64/libbrotlicommon-1.1.0-hfd05255_4.conda#58aec7a295039d8614175eae3a4f8778
https://conda.anaconda.org/conda-forge/win-64/libcrc32c-1.1.2-h0e60522_0.tar.bz2#cd4cc2d0c610c8cb5419ccc979f2d6ce
https://conda.anaconda.org/conda-forge/win-64/libdeflate-1.25-h1a1d4e4_1.conda#e4e122e124676a49eebf241399ad8393
https://conda.anaconda.org/conda-forge/win-64/libexpat-2.8.1-hac47afa_1.conda#ccc490c81ffe14181861beac0e8f3169
https://conda.anaconda.org/conda-forge/win-64/libffi-3.7.0-h3d046cb_1.conda#ceb38b0ba900847d8da4289c3c8e5708
https://conda.anaconda.org/conda-forge/win-64/libiconv-1.18-hc1393d2_3.conda#a8a2abdf0f901bc4779d9b7be0845921
https://conda.anaconda.org/conda-forge/win-64/libjpeg-turbo-3.2.0-hfd05255_1.conda#fc2c23bacefd1e733f1e1d6cd3b2aaeb
https://conda.anaconda.org/conda-forge/win-64/liblzma-5.8.3-hfd05255_1.conda#880a0c8549479b198af21ba5dc49b109
https://conda.anaconda.org/conda-forge/win-64/libogg-1.3.5-h2466b09_1.conda#b67ed8c9ca072695ff482e50d888a523
https://conda.anaconda.org/conda-forge/win-64/libsodium-1.0.20-hc70643c_0.conda#198bb594f202b205c7d18b936fa4524f
https://conda.anaconda.org/conda-forge/win-64/libspatialindex-2.1.0-h2854ae6_1.conda#8657ea6a7937edbe4f1003c41217a708
https://conda.anaconda.org/conda-forge/win-64/libsqlite-3.53.4-hf5d6505_1.conda#a72d495965b144bb7da033642d389047
https://conda.anaconda.org/conda-forge/win-64/libutf8proc-2.8.0-hb602f4b_1.conda#4dce7215af5e642fe84a07321c0628f6
https://conda.anaconda.org/conda-forge/win-64/libwebp-base-1.6.0-h4d5522a_1.conda#35a9475e4cc999d52921f57c181979fc
https://conda.anaconda.org/conda-forge/win-64/libzlib-1.3.2-hfd05255_3.conda#5d2ff29d465097458cc3ff6569151991
https://conda.anaconda.org/conda-forge/win-64/llvm-openmp-23.1.0-h49e36cd_0.conda#79055ec79e1b43749763122cead30976
https://conda.anaconda.org/conda-forge/win-64/lz4-c-1.9.4-hcfcfb64_0.conda#e34720eb20a33fc3bfb8451dd837ab7a
https://conda.anaconda.org/conda-forge/win-64/lzo-2.10-h6a83c73_1003.conda#3678b093a471615102e97124f37b233f
https://conda.anaconda.org/conda-forge/win-64/m2-libintl-0.19.7-4.tar.bz2#bfe5803477f36865cd307b1285bd4209
https://conda.anaconda.org/conda-forge/win-64/m2w64-gcc-libs-5.3.0-7.tar.bz2#fe759119b8b3bfa720b8762c6fdc35de
https://conda.anaconda.org/conda-forge/win-64/mpir-3.0.0-he025d50_1002.tar.bz2#126ea50b4b4a33448c3994df2ff8b0cc
https://conda.anaconda.org/conda-forge/win-64/openssl-3.6.4-hf411b9b_0.conda#73cb1783f47c452be4c309430fbef89f
https://conda.anaconda.org/conda-forge/win-64/pixman-0.46.4-h5112557_3.conda#27c5be39d9e4d25fe85b89a069360d1e
https://conda.anaconda.org/conda-forge/win-64/pthreads-win32-2.9.1-h2466b09_4.conda#cf98a67a1ec8040b42455002a24f0b0b
https://conda.anaconda.org/conda-forge/win-64/qhull-2020.2-hc790b64_5.conda#854fbdff64b572b5c0b470f334d34c11
https://conda.anaconda.org/conda-forge/win-64/snappy-1.2.2-h7fa0ca8_1.conda#3075846de68f942150069d4289aaad63
https://conda.anaconda.org/conda-forge/win-64/tk-8.6.13-h967ab96_4.conda#dd9eb33c99d352b6356f86964d6040f7
https://conda.anaconda.org/conda-forge/win-64/uriparser-0.9.8-h5a68840_0.conda#28b4cf9065681f43cc567410edf8243d
https://conda.anaconda.org/conda-forge/win-64/xerces-c-3.2.5-he0c23c2_2.conda#82b6eac3c198271e98b48d52d79726d8
https://conda.anaconda.org/conda-forge/win-64/yaml-0.2.5-h6a83c73_3.conda#433699cba6602098ae8957a323da2664
https://conda.anaconda.org/conda-forge/win-64/aws-c-cal-0.6.12-hc83774a_0.conda#4dcf49759f88c084396204addd0eb7b1
https://conda.anaconda.org/conda-forge/win-64/aws-c-compression-0.2.18-hc83774a_4.conda#a9c2159343eb5cd1b62589f209b1e623
https://conda.anaconda.org/conda-forge/win-64/aws-c-sdkutils-0.1.16-hc83774a_0.conda#3bdb282923a48cdd48233212a596bdae
https://conda.anaconda.org/conda-forge/win-64/aws-checksums-0.1.18-hc83774a_4.conda#197196903f52fbd3e55a26b1e30561a6
https://conda.anaconda.org/conda-forge/win-64/hdf4-4.2.15-h5557f11_7.conda#84344a916a73727c1326841007b52ca8
https://conda.anaconda.org/conda-forge/win-64/krb5-1.21.3-hdf4eb48_0.conda#31aec030344e962fbd7dbbbbd68e60a9
https://conda.anaconda.org/conda-forge/win-64/libbrotlidec-1.1.0-hfd05255_4.conda#bf0ced5177fec8c18a7b51d568590b7c
https://conda.anaconda.org/conda-forge/win-64/libbrotlienc-1.1.0-hfd05255_4.conda#37f4669f8ac2f04d826440a8f3f42300
https://conda.anaconda.org/conda-forge/win-64/libevent-2.1.12-h3671451_1.conda#25efbd786caceef438be46da78a7b5ef
https://conda.anaconda.org/conda-forge/win-64/libintl-0.22.5-h5728263_4.conda#36d6e0045173974521fabd42bd5033d6
https://conda.anaconda.org/conda-forge/win-64/libkml-1.3.0-h68a222c_1023.conda#b44e0d9eb84c6c086d809787aab0a1da
https://conda.anaconda.org/conda-forge/win-64/liblzma-devel-5.8.3-hfd05255_1.conda#84e0e7df64202da959bc3c29c0e69ff5
https://conda.anaconda.org/conda-forge/win-64/libpng-1.6.58-hdc8cecf_1.conda#5aa7348e73691187c81d51616f17e48a
https://conda.anaconda.org/conda-forge/win-64/libprotobuf-4.25.3-h47a098d_1.conda#2ab67bf04b060ed5af5bc6999f1d6b31
https://conda.anaconda.org/conda-forge/win-64/libre2-11-2023.09.01-hf8d8778_2.conda#cf54cb5077a60797d53a132d37af25fc
https://conda.anaconda.org/conda-forge/win-64/librttopo-1.1.0-h94c4f80_15.conda#3c2a870012ae8f6ffcc7735715f197b1
https://conda.anaconda.org/conda-forge/win-64/libssh2-1.11.1-h734d217_1.conda#a21dd9ca39e74910bb96989feb916420
https://conda.anaconda.org/conda-forge/win-64/libvorbis-1.3.7-h5112557_2.conda#42a8a56c60882da5d451aa95b8455111
https://conda.anaconda.org/conda-forge/win-64/libxml2-2.13.9-h741aa76_0.conda#333d21ab129d5fa5742225bf1d7557a5
https://conda.anaconda.org/conda-forge/win-64/libzip-1.11.2-h3135430_0.conda#09066edc7810e4bd1b41ad01a6cc4706
https://conda.anaconda.org/conda-forge/win-64/m2-coreutils-8.25-102.tar.bz2#287653b2583bd11530a729b41623b0fe
https://conda.anaconda.org/conda-forge/win-64/m2-sed-4.2.2-3.tar.bz2#f7e706c4f81babf8a451e2c9fb6088c3
https://conda.anaconda.org/conda-forge/win-64/m2w64-bzip2-1.0.6-6.tar.bz2#3ab4872b978c1c0bd97a925374966348
https://conda.anaconda.org/conda-forge/win-64/m2w64-tools-git-5.0.0.4592.90b8472-2.tar.bz2#5a3b75f4186ca90f831dd6366de93a6b
https://conda.anaconda.org/conda-forge/win-64/mpfr-4.2.1-h64bf75a_1.conda#b651d6be33090cfb6bd4ff3b20e64bbc
https://conda.anaconda.org/conda-forge/win-64/pcre2-10.43-h17e33f8_0.conda#d0485b8aa2cedb141a7bd27b4efa4c9c
https://conda.anaconda.org/conda-forge/win-64/pthread-stubs-0.4-hcd874cb_1001.tar.bz2#a1f820480193ea83582b13249a7e7bd9
https://conda.anaconda.org/conda-forge/win-64/python-3.10.21-hc20f281_0_cpython.conda#c5591007fa429194271251d0354b3d84
https://conda.anaconda.org/conda-forge/win-64/spdlog-1.13.0-h64d2f7d_0.conda#e21d3d1aef3973f78ee161bb053c5922
https://conda.anaconda.org/conda-forge/win-64/sqlite-3.53.4-hdb435a2_1.conda#df9d7c5d34602e0f2655a524d31fce87
https://conda.anaconda.org/conda-forge/win-64/xorg-libxau-1.0.11-hcd874cb_0.conda#c46ba8712093cb0114404ae8a7582e1a
https://conda.anaconda.org/conda-forge/win-64/xorg-libxdmcp-1.1.3-hcd874cb_0.tar.bz2#46878ebb6b9cbd8afcf8088d7ef00ece
https://conda.anaconda.org/conda-forge/win-64/xz-tools-5.8.3-hfd05255_1.conda#f82fdc60121f8fd569a20615dd572060
https://conda.anaconda.org/conda-forge/win-64/zlib-1.3.2-hfd05255_3.conda#945092a9bc1d0f250f7d5ecf51ecd471
https://conda.anaconda.org/conda-forge/win-64/zstd-1.5.7-h534d264_7.conda#e4ac308c39d6d0e131154976da67cf3b
https://conda.anaconda.org/conda-forge/noarch/asciitree-0.3.3-py_2.tar.bz2#c0481c9de49f040272556e2cedf42816
https://conda.anaconda.org/conda-forge/noarch/asttokens-3.0.2-pyhd8ed1ab_0.conda#89d495168582cb00428dad699d149624
https://conda.anaconda.org/conda-forge/noarch/attrs-26.1.0-pyhcf101f3_0.conda#c6b0543676ecb1fb2d7643941fe375f2
https://conda.anaconda.org/conda-forge/win-64/aws-c-io-0.14.8-hebaacdb_0.conda#e421ac978195e777aae02059bc129479
https://conda.anaconda.org/conda-forge/noarch/babel-2.18.0-pyhcf101f3_1.conda#f1976ce927373500cc19d3c0b2c85177
https://conda.anaconda.org/conda-forge/win-64/blosc-1.21.6-h85f69ea_0.conda#2390269374fded230fcbca8332a4adc0
https://conda.anaconda.org/conda-forge/win-64/brotli-bin-1.1.0-hfd05255_4.conda#ef022c8941d7dcc420c8533b0e419733
https://conda.anaconda.org/conda-forge/win-64/brotli-python-1.1.0-py310h73ae2b4_4.conda#b53cd64780fbd287d3be3004cb6d7743
https://conda.anaconda.org/conda-forge/noarch/cached_property-2.0.1-pyhcf101f3_0.conda#256d863ded0f79464391a075944d24a6
https://conda.anaconda.org/conda-forge/noarch/certifi-2026.7.22-pyhd8ed1ab_0.conda#37e13edbe3b48f1095a9d085ef9cd83b
https://conda.anaconda.org/conda-forge/noarch/charset-normalizer-3.5.1-pyhd8ed1ab_0.conda#e0ac3accc64e23e40969d660e5f58ac8
https://conda.anaconda.org/conda-forge/noarch/cloudpickle-3.1.2-pyhcf101f3_1.conda#61b8078a0905b12529abc622406cb62c
https://conda.anaconda.org/conda-forge/noarch/colorama-0.4.6-pyhd8ed1ab_1.conda#962b9857ee8e7018c22f2776ffa0b2d7
https://conda.anaconda.org/conda-forge/noarch/comm-0.2.3-pyhe01879c_0.conda#2da13f2b299d8e1995bafbbe9689a2f7
https://conda.anaconda.org/conda-forge/noarch/cycler-0.12.1-pyhcf101f3_2.conda#4c2a8fef270f6c69591889b93f9f55c1
https://conda.anaconda.org/conda-forge/win-64/debugpy-1.8.21-py310h699e580_0.conda#16b93bdf7695d43652f3b00ffc099195
https://conda.anaconda.org/conda-forge/noarch/decorator-5.3.1-pyhd8ed1ab_0.conda#61dcf784d59ef0bd62c57d982b154ace
https://conda.anaconda.org/conda-forge/noarch/defusedxml-0.7.1-pyhd8ed1ab_0.tar.bz2#961b3a227b437d82ad7054484cfa71b2
https://conda.anaconda.org/conda-forge/noarch/et_xmlfile-2.0.0-pyhd8ed1ab_1.conda#71bf9646cbfabf3022c8da4b6b4da737
https://conda.anaconda.org/conda-forge/noarch/executing-2.2.1-pyhd8ed1ab_0.conda#ff9efb7f7469aed3c4a8106ffa29593c
https://conda.anaconda.org/conda-forge/noarch/fasteners-0.20-pyhd8ed1ab_0.conda#11445cf1b9a9114b82a7dc9f0cd036ec
https://conda.anaconda.org/conda-forge/noarch/fsspec-2026.7.0-pyhd8ed1ab_0.conda#b9176565976c773a0739bd83deaf06cc
https://conda.anaconda.org/conda-forge/noarch/geographiclib-2.1-pyhd8ed1ab_0.conda#43dd16b113cc7b244d923b630026ff4f
https://conda.anaconda.org/conda-forge/noarch/hpack-4.2.0-pyhd8ed1ab_0.conda#b395909221b9bd1df066e5930e18855b
https://conda.anaconda.org/conda-forge/noarch/hyperframe-6.1.0-pyhd8ed1ab_0.conda#8e6923fc12f1fe8f8c4e5c9f343256ac
https://conda.anaconda.org/conda-forge/noarch/idna-3.19-pyhcf101f3_0.conda#a39ae05027e9b707742e41b30d296b75
https://conda.anaconda.org/conda-forge/noarch/interface_meta-1.3.0-pyhd8ed1ab_1.conda#97f07ae607e01877f0454fce4c833e40
https://conda.anaconda.org/conda-forge/noarch/json5-0.15.0-pyhd8ed1ab_0.conda#761a4a6b9cba303c66a97ca642447171
https://conda.anaconda.org/conda-forge/noarch/jsonpointer-3.1.1-pyhcf101f3_0.conda#89bf346df77603055d3c8fe5811691e6
https://conda.anaconda.org/conda-forge/noarch/jupyterlab_widgets-3.0.17-pyhcf101f3_0.conda#1fb3f0d175d6e92f56139fb46a17aa2d
https://conda.anaconda.org/conda-forge/win-64/kiwisolver-1.5.0-py310h1e1005b_0.conda#e4359052ebd96c04465c8ea424e9cb4e
https://conda.anaconda.org/conda-forge/noarch/lark-1.3.1-pyhd8ed1ab_0.conda#9b965c999135d43a3d0f7bd7d024e26a
https://conda.anaconda.org/conda-forge/win-64/libclang13-22.1.8-default_ha2db4b5_2.conda#45a2834578a5f167258aa109af48b036
https://conda.anaconda.org/conda-forge/win-64/libcurl-8.18.0-h43ecb02_0.conda#2688214a9bee5d5650cd4f5f6af5c8f2
https://conda.anaconda.org/conda-forge/win-64/libfreetype6-2.14.3-hdbac1cb_2.conda#8157483eb7ed3fcba71aad3b50a97131
https://conda.anaconda.org/conda-forge/win-64/libglib-2.80.2-h0df6a38_0.conda#ef9ae80bb2a15aee7a30180c057678ea
https://conda.anaconda.org/conda-forge/win-64/libhwloc-2.11.2-default_hc8275d1_1000.conda#2805c2eb3a74df931b3e2b724fcb965e
https://conda.anaconda.org/conda-forge/win-64/libintl-devel-0.22.5-h5728263_4.conda#221ab9cd4a37b69000ada916ce209355
https://conda.anaconda.org/conda-forge/win-64/libpq-16.10-h18d9880_1.conda#a892beede3567e7b9e6ed0649939872c
https://conda.anaconda.org/conda-forge/win-64/libthrift-0.19.0-ha2b3283_1.conda#d3432b9d4950e91d2fdf3bed91248ee0
https://conda.anaconda.org/conda-forge/win-64/libtiff-4.7.2-h8f73337_1.conda#970dbe48f843e7fbd179a9b6c22f865a
https://conda.anaconda.org/conda-forge/win-64/libxcb-1.16-h013a479_1.conda#f0b599acdc82d5bc7e3b105833e7c5c8
https://conda.anaconda.org/conda-forge/win-64/libxslt-1.1.43-h25c3957_0.conda#e84f36aa02735c140099d992d491968d
https://conda.anaconda.org/conda-forge/win-64/llvmlite-0.49.0-py310hb6f59f5_1.conda#8604eb730576782cc7be37e5b5d9ee8a
https://conda.anaconda.org/conda-forge/noarch/locket-1.0.0-pyhd8ed1ab_0.tar.bz2#91e27ef3d05cc772ce627e51cff111c4
https://conda.anaconda.org/conda-forge/win-64/lz4-4.3.3-py310h7fbadaa_1.conda#b569bee613ff8193da536c7901bf1340
https://conda.anaconda.org/conda-forge/win-64/m2w64-zlib-1.2.8-10.tar.bz2#12b579f376a3215bebab449647d1203f
https://conda.anaconda.org/conda-forge/win-64/markupsafe-3.0.3-py310hdb0e946_1.conda#ad72e0e0432934e97fd356ed334170d9
https://conda.anaconda.org/conda-forge/win-64/minizip-4.2.2-h0ffbb96_0.conda#431ad376b1c4e5306a8ceb6b7278de41
https://conda.anaconda.org/conda-forge/win-64/msgpack-python-1.2.2-py310h1e1005b_0.conda#0180b9b4dfbf2b93aed1edb73e44fa20
https://conda.anaconda.org/conda-forge/noarch/munkres-1.1.4-pyhd8ed1ab_1.conda#37293a85a0f4f77bbd9cf7aaefc62609
https://conda.anaconda.org/conda-forge/noarch/narwhals-2.25.0-pyhcf101f3_0.conda#0117bf65e45c951a9b0004172cfaeef6
https://conda.anaconda.org/conda-forge/noarch/nest-asyncio2-1.7.2-pyhcf101f3_0.conda#fcd832bfd4749e9b246112b6894f97fc
https://conda.anaconda.org/conda-forge/noarch/networkx-3.4.2-pyh267e887_2.conda#fd40bf7f7f4bc4b647dc8512053d9873
https://conda.anaconda.org/conda-forge/win-64/orc-2.0.0-h7e885a9_1.conda#f61ae80fe162b09c627473932d5dc8c3
https://conda.anaconda.org/conda-forge/noarch/packaging-26.3-pyhc364b38_0.conda#936687ed80f295a1f5dbcf8bd34c252c
https://conda.anaconda.org/conda-forge/noarch/pandocfilters-1.5.0-pyhd8ed1ab_0.tar.bz2#457c2c8c08e54905d6954e79cb5b5db9
https://conda.anaconda.org/conda-forge/noarch/parso-0.8.7-pyhcf101f3_0.conda#39894c952938276405a1bd30e4ce2caf
https://conda.anaconda.org/conda-forge/noarch/pickleshare-0.7.5-pyhd8ed1ab_1004.conda#11a9d1d09a3615fc07c3faf79bc0b943
https://conda.anaconda.org/conda-forge/noarch/platformdirs-4.11.4-pyhcf101f3_0.conda#840f27e0254bcdc8382ac2ca32782a22
https://conda.anaconda.org/conda-forge/noarch/prometheus_client-0.26.0-pyhd8ed1ab_0.conda#3aa7e2d85645e61627c98082747dfdfe
https://conda.anaconda.org/conda-forge/win-64/psutil-7.2.2-py310h1637853_1.conda#070817af0f2a7cf2c3f7ff60cb28603a
https://conda.anaconda.org/conda-forge/noarch/pure_eval-0.2.3-pyhd8ed1ab_1.conda#3bfdfb8dbcdc4af1ae3f9a8eb3948f04
https://conda.anaconda.org/conda-forge/noarch/pycparser-3.0-pyhcf101f3_0.conda#9c5491066224083c41b6d5635ed7107b
https://conda.anaconda.org/conda-forge/noarch/pygments-2.21.0-pyhcf101f3_0.conda#2882dee445dfa45b0c5afce3ffb7730a
https://conda.anaconda.org/conda-forge/noarch/pyparsing-3.3.2-pyhcf101f3_0.conda#3687cc0b82a8b4c17e1f0eb7e47163d5
https://conda.anaconda.org/conda-forge/noarch/pyshp-2.3.1-pyhd8ed1ab_1.conda#856b387c270e9eaf6e41e978057a2b62
https://conda.anaconda.org/conda-forge/noarch/python-fastjsonschema-2.22.2-pyhcf101f3_0.conda#aa75b7f096d17621bc307b3025b29461
https://conda.anaconda.org/conda-forge/noarch/python-tzdata-2026.3-pyhd8ed1ab_0.conda#eefc8d916bd2e708d76d40398ef9a1ee
https://conda.anaconda.org/conda-forge/noarch/pytz-2026.3.post1-pyhcf101f3_0.conda#eb2fb9070c0232e96ae5515d8b28e4f9
https://conda.anaconda.org/conda-forge/win-64/pywin32-312-py310h3efe797_1.conda#a9b172174b7dfd124a359309f3782cf9
https://conda.anaconda.org/conda-forge/win-64/pywinpty-3.0.5-py310h9e98ed7_0.conda#2072f7f034c88bc4b0b65e90cfc23953
https://conda.anaconda.org/conda-forge/win-64/pyyaml-6.0.3-py310hdb0e946_1.conda#463566b14434383e34e366143808b4b7
https://conda.anaconda.org/conda-forge/win-64/re2-2023.09.01-hd3b24a8_2.conda#ffeb985810bc7d103662e1465c758847
https://conda.anaconda.org/conda-forge/noarch/rfc3986-validator-0.1.1-pyh9f0ad1d_0.tar.bz2#912a71cc01012ee38e6b90ddd561e36f
https://conda.anaconda.org/conda-forge/win-64/rpds-py-0.30.0-py310h034784e_0.conda#f2ae7538b9ab9a7cd375fc23e320c2b0
https://conda.anaconda.org/conda-forge/noarch/rtree-1.4.1-pyh11ca60a_0.conda#73f0eccab422ca6a96d904a805d68fa3
https://conda.anaconda.org/conda-forge/noarch/setuptools-80.10.2-pyh332efcf_0.conda#7b446fcbb6779ee479debb4fd7453e6c
https://conda.anaconda.org/conda-forge/noarch/six-1.17.0-pyhe01879c_1.conda#3339e3b65d58accf4ca4fb8748ab16b3
https://conda.anaconda.org/conda-forge/noarch/sniffio-1.3.1-pyhd8ed1ab_2.conda#03fe290994c5e4ec17293cfb6bdce520
https://conda.anaconda.org/conda-forge/noarch/sortedcontainers-2.4.0-pyhd8ed1ab_1.conda#0401a17ae845fa72c7210e206ec5647d
https://conda.anaconda.org/conda-forge/noarch/soupsieve-2.9.2-pyhd8ed1ab_0.conda#ba33e6c8a46ee373fdf6dd8665212778
https://conda.anaconda.org/conda-forge/noarch/tblib-3.2.2-pyhcf101f3_0.conda#f88bb644823094f436792f80fba3207e
https://conda.anaconda.org/conda-forge/noarch/threadpoolctl-3.6.0-pyhecae5ae_0.conda#9d64911b31d57ca443e9f1e36b04385f
https://conda.anaconda.org/conda-forge/noarch/tomli-2.4.1-pyhcf101f3_0.conda#b5325cf06a000c5b14970462ff5e4d58
https://conda.anaconda.org/conda-forge/noarch/toolz-1.1.0-pyhd8ed1ab_1.conda#c07a6153f8306e45794774cf9b13bd32
https://conda.anaconda.org/conda-forge/win-64/tornado-6.5.8-py310h29418f3_0.conda#a2e5d03aacae6115bbebc3a3fa8d8315
https://conda.anaconda.org/conda-forge/noarch/traitlets-5.16.1-pyhcf101f3_0.conda#a79bf97561232a31447b6246c2153ab5
https://conda.anaconda.org/conda-forge/noarch/typing_extensions-4.16.0-pyhcf101f3_0.conda#c70ad746c22219b9700931707482992c
https://conda.anaconda.org/conda-forge/noarch/typing_utils-0.1.0-pyhd8ed1ab_1.conda#f6d7aa696c67756a650e91e15e88223c
https://conda.anaconda.org/conda-forge/win-64/unicodedata2-17.0.1-py310h29418f3_0.conda#8c34b3ebcfd8d6e4989ae1a2f2a63d03
https://conda.anaconda.org/conda-forge/noarch/uri-template-1.3.0-pyhd8ed1ab_1.conda#e7cb0f5745e4c5035a460248334af7eb
https://conda.anaconda.org/conda-forge/noarch/wcwidth-0.8.2-pyhd8ed1ab_0.conda#99f7755ec8648a042b0dbe906234f888
https://conda.anaconda.org/conda-forge/noarch/webcolors-25.10.0-pyhd8ed1ab_0.conda#6639b6b0d8b5a284f027a2003669aa65
https://conda.anaconda.org/conda-forge/noarch/webencodings-0.5.1-pyhd8ed1ab_3.conda#2841eb5bfc75ce15e9a0054b98dcd64d
https://conda.anaconda.org/conda-forge/noarch/websocket-client-1.9.0-pyhd8ed1ab_0.conda#2f1ed718fcd829c184a6d4f0f2e07409
https://conda.anaconda.org/conda-forge/noarch/widgetsnbextension-4.0.16-pyhd8ed1ab_0.conda#4e3aff9f40afb392477584e6a1a45b6f
https://conda.anaconda.org/conda-forge/noarch/win_inet_pton-1.1.0-pyh7428d3b_8.conda#46e441ba871f524e2b067929da3051c2
https://conda.anaconda.org/conda-forge/win-64/wrapt-2.3.0-py310h29418f3_0.conda#e7fd2401419342acb81a00bf720c9d14
https://conda.anaconda.org/conda-forge/noarch/xyzservices-2026.3.0-pyhd8ed1ab_0.conda#4487b9c371d0161d54b5c7bbd890c0fc
https://conda.anaconda.org/conda-forge/win-64/xz-5.8.3-hb6c8415_1.conda#973196613b9b1878b997fedaed36b0d5
https://conda.anaconda.org/conda-forge/win-64/zeromq-4.3.5-h5bddc39_9.conda#a6c8f8ee856f7c3c1576e14b86cd8038
https://conda.anaconda.org/conda-forge/noarch/zict-3.0.0-pyhd8ed1ab_1.conda#e52c2ef711ccf31bb7f70ca87d144b9e
https://conda.anaconda.org/conda-forge/noarch/zipp-4.1.0-pyhcf101f3_0.conda#ba3dcdc8584155c97c648ae9c044b7a3
https://conda.anaconda.org/conda-forge/noarch/async-lru-2.3.0-pyhcf101f3_0.conda#b85e84cb64c762569cc1a760c2327e0a
https://conda.anaconda.org/conda-forge/win-64/aws-c-event-stream-0.4.2-hc6c0aac_10.conda#154013fe21be2e4f6206b894537a95a3
https://conda.anaconda.org/conda-forge/win-64/aws-c-http-0.8.1-hced5053_13.conda#4bf3b37a30279d31584e3efb0ab2c722
https://conda.anaconda.org/conda-forge/win-64/azure-core-cpp-1.11.1-h249a519_1.conda#c4d3c999a102779040815db07d1a2928
https://conda.anaconda.org/conda-forge/noarch/bleach-6.4.0-pyhcf101f3_0.conda#93009c29cdd6f2500468f2502fff9209
https://conda.anaconda.org/conda-forge/win-64/brotli-1.1.0-hfd05255_4.conda#441706c019985cf109ced06458e6f742
https://conda.anaconda.org/conda-forge/noarch/cached-property-2.0.1-pyhcf101f3_0.conda#70e764e549c6c25de5e429d6e4a28b39
https://conda.anaconda.org/conda-forge/win-64/cffi-2.1.1-py310h29418f3_2.conda#4d4b25c4fb6be1368f1a4b4e8a52738b
https://conda.anaconda.org/conda-forge/win-64/cfitsio-4.4.0-h9b0cee5_1.conda#c1e9056348e8df1bc6b85fd7ae1f6766
https://conda.anaconda.org/conda-forge/noarch/click-8.4.2-pyh6dadd2b_0.conda#8a0d65027e25e367f9f1754f0604e8de
https://conda.anaconda.org/conda-forge/win-64/cytoolz-1.1.0-py310h29418f3_2.conda#546252eb0e7b86f21a6597e21edfe394
https://conda.anaconda.org/conda-forge/noarch/exceptiongroup-1.3.1-pyhd8ed1ab_0.conda#8e662bd460bda79b1ea39194e3c4c9ab
https://conda.anaconda.org/conda-forge/win-64/freexl-2.0.0-hf297d47_2.conda#d6a8059de245e53478b581742b53f71d
https://conda.anaconda.org/conda-forge/noarch/geopy-2.5.0-pyhd8ed1ab_0.conda#43372c0cbf9e460f218de5ed1543a011
https://conda.anaconda.org/conda-forge/win-64/glib-tools-2.80.2-h2f9d560_0.conda#42fc785d9db7ab051a206fbf882ecf2e
https://conda.anaconda.org/conda-forge/noarch/h11-0.16.0-pyhcf101f3_1.conda#b8993c19b0c32a2f7b66cbb58ca27069
https://conda.anaconda.org/conda-forge/noarch/h2-4.4.1-pyhcf101f3_0.conda#e652ac7756069c456d0da2a922cd7df5
https://conda.anaconda.org/conda-forge/win-64/hdf5-1.14.3-nompi_hb2c4d47_109.conda#ebb61f3e8b35cc15e78876649b7246f7
https://conda.anaconda.org/conda-forge/noarch/importlib-metadata-4.13.0-pyha770c72_0.conda#80d2ed5fd22d7eb804f70c03f0d40b45
https://conda.anaconda.org/conda-forge/noarch/jedi-0.20.0-pyhcf101f3_0.conda#c2b3d37aa1411031126036ee76a8a861
https://conda.anaconda.org/conda-forge/noarch/jinja2-3.1.6-pyhcf101f3_1.conda#04558c96691bed63104678757beb4f8d
https://conda.anaconda.org/conda-forge/noarch/joblib-1.5.3-pyhd8ed1ab_0.conda#615de2a4d97af50c350e5cf160149e77
https://conda.anaconda.org/conda-forge/noarch/jupyter_core-5.9.1-pyh6dadd2b_0.conda#a8db462b01221e9f5135be466faeb3e0
https://conda.anaconda.org/conda-forge/noarch/jupyterlab_pygments-0.3.0-pyhd8ed1ab_2.conda#fd312693df06da3578383232528c468d
https://conda.anaconda.org/conda-forge/win-64/lcms2-2.19.1-hf2c6c5f_1.conda#1df4012c8a2478699d07bc26af66d41e
https://conda.anaconda.org/conda-forge/win-64/libarchive-3.7.7-h88ece9c_0.conda#37c6e11d9f2e69789198ef2bfc661392
https://conda.anaconda.org/conda-forge/win-64/libboost-1.82.0-h65993cd_6.conda#99ac3b41fe8ddfe92a98642b51cae768
https://conda.anaconda.org/conda-forge/win-64/libfreetype-2.14.3-h57928b3_2.conda#740f99c3c91079c03874b809fedace1b
https://conda.anaconda.org/conda-forge/win-64/libgrpc-1.62.2-h5273850_0.conda#2939e4b5baecfeac1e8dee5c4f579f1a
https://conda.anaconda.org/conda-forge/win-64/m2w64-binutils-2.25.1-5.tar.bz2#e449e1bb577b67ea7c2017f6239d5684
https://conda.anaconda.org/conda-forge/noarch/matplotlib-inline-0.2.2-pyhd8ed1ab_0.conda#9acc1c385be401d533ff70ef5b50dae6
https://conda.anaconda.org/conda-forge/noarch/mistune-3.3.4-pyhcf101f3_0.conda#1c0ebec41ef9214160da1ee6a0880fce
https://conda.anaconda.org/conda-forge/win-64/openjpeg-2.5.4-h0e57b4f_0.conda#e723ab7cc2794c954e1b22fde51c16e4
https://conda.anaconda.org/conda-forge/win-64/openpyxl-3.1.5-py310h5fa2519_3.conda#e0f7c8df6e49294fe9ed076e3f926be9
https://conda.anaconda.org/conda-forge/noarch/overrides-7.7.0-pyhd8ed1ab_1.conda#e51f1e4089cad105b6cac64bd8166587
https://conda.anaconda.org/conda-forge/noarch/partd-1.4.2-pyhd8ed1ab_0.conda#0badf9c54e24cecfb0ad2f99d680c163
https://conda.anaconda.org/conda-forge/noarch/plotly-6.9.0-pyhd8ed1ab_0.conda#452e17d774bb4d3211ae2cf5bfb2c1c9
https://conda.anaconda.org/conda-forge/win-64/postgresql-16.10-hd6c6192_1.conda#c9e309b8a7380b6d6188cc50dc0209da
https://conda.anaconda.org/conda-forge/win-64/proj-9.3.1-he13c7e8_0.conda#57aa204e187d515bb2600bc74a7e7dfc
https://conda.anaconda.org/conda-forge/noarch/prompt-toolkit-3.0.53-pyha770c72_0.conda#39c92a39517316e5001d645ae63d9ab9
https://conda.anaconda.org/conda-forge/noarch/pysocks-1.7.1-pyh09c184e_7.conda#e2fd202833c4a981ce8a65974fe4abd1
https://conda.anaconda.org/conda-forge/noarch/python-dateutil-2.9.0.post0-pyhe01879c_2.conda#5b8d21249ff20967101ffa321cab24e8
https://conda.anaconda.org/conda-forge/noarch/python-json-logger-4.2.0-pyhd8ed1ab_0.conda#e5407c82510aab6a4baa31fcd4249655
https://conda.anaconda.org/conda-forge/win-64/pyzmq-27.2.0-py310h824d4bc_0.conda#bd31611fa3fe03fe6bb818f1e8ff875c
https://conda.anaconda.org/conda-forge/noarch/referencing-0.37.0-pyhcf101f3_0.conda#870293df500ca7e18bedefa5838a22ab
https://conda.anaconda.org/conda-forge/noarch/rfc3339-validator-0.1.4-pyhd8ed1ab_1.conda#36de09a8d3e5d5e6f4ee63af49e59706
https://conda.anaconda.org/conda-forge/noarch/rfc3987-syntax-1.1.0-pyhe01879c_1.conda#7234f99325263a5af6d4cd195035e8f2
https://conda.anaconda.org/conda-forge/noarch/send2trash-2.1.0-pyh6dadd2b_1.conda#6ac53f3fff2c416d63511843a04646fa
https://conda.anaconda.org/conda-forge/noarch/stack_data-0.6.3-pyhd8ed1ab_1.conda#b1b505328da7a6b246787df4b5a49fbc
https://conda.anaconda.org/conda-forge/win-64/tbb-2021.13.0-h62715c5_1.conda#9190dd0a23d925f7602f9628b3aed511
https://conda.anaconda.org/conda-forge/noarch/terminado-0.18.1-pyh6dadd2b_1.conda#e43ca10d61e55d0a8ec5d8c62474ec9e
https://conda.anaconda.org/conda-forge/noarch/tinycss2-1.4.0-pyhd8ed1ab_0.conda#f1acf5fdefa8300de697982bcb1761c9
https://conda.anaconda.org/conda-forge/noarch/tqdm-4.70.0-pyha7b4d00_0.conda#7eac270516c8221cedc7f40a96d7fb8f
https://conda.anaconda.org/conda-forge/noarch/typing-extensions-4.16.0-h69aa097_0.conda#c680b5747e8c4c8f23dca0bb7042a8fc
https://conda.anaconda.org/conda-forge/noarch/wheel-0.48.0-pyhd8ed1ab_0.conda#9a2124517bfd5d792e0f7b86eefdfeb8
https://conda.anaconda.org/conda-forge/noarch/anyio-4.14.2-pyhcf101f3_0.conda#fb568fbae6908ba86a090a85a089d11f
https://conda.anaconda.org/conda-forge/win-64/argon2-cffi-bindings-26.1.0-py310h29418f3_0.conda#2a433cc0f3e7c597c7b58d4c888f012d
https://conda.anaconda.org/conda-forge/noarch/arrow-1.4.0-pyhcf101f3_0.conda#85c4f19f377424eafc4ed7911b291642
https://conda.anaconda.org/conda-forge/win-64/aws-c-auth-0.7.20-h6823eb1_0.conda#bdb3ab44dcc47c12d640fc6c14888bc1
https://conda.anaconda.org/conda-forge/win-64/aws-c-mqtt-0.10.4-hdafd9a4_2.conda#6d3ac34a5145d83e007eeda33b45fdba
https://conda.anaconda.org/conda-forge/win-64/azure-storage-common-cpp-12.5.0-h91493d7_4.conda#2a7ee0e1ffc37e91aa5c1d59d4aea8b8
https://conda.anaconda.org/conda-forge/noarch/beautifulsoup4-4.15.0-pyha770c72_0.conda#3b261da3fe9b4168738712832410b022
https://conda.anaconda.org/conda-forge/noarch/bleach-with-css-6.4.0-hac0b51c_0.conda#5f710eab1f3c4e773c75686f5e8e6481
https://conda.anaconda.org/conda-forge/noarch/branca-0.8.2-pyhd8ed1ab_0.conda#1fcdf88e7a8c296d3df8409bf0690db4
https://conda.anaconda.org/conda-forge/noarch/dask-core-2026.7.1-pyhc364b38_0.conda#7e9fcc61c119f585f2b7b491147df821
https://conda.anaconda.org/conda-forge/win-64/fontconfig-2.18.3-hd47e2ca_1.conda#ed95670fed91b091fe34ba6cae6677d7
https://conda.anaconda.org/conda-forge/win-64/fonttools-4.63.0-py310hdb0e946_0.conda#9dac7726fecf466ec59e2c52d74dc4d5
https://conda.anaconda.org/conda-forge/noarch/fqdn-1.5.1-pyhd8ed1ab_1.conda#d3549fd50d450b6d9e7dddff25dd2110
https://conda.anaconda.org/conda-forge/win-64/freetype-2.14.3-h57928b3_2.conda#6fc6c09c05a099d58efd9b2e96598e41
https://conda.anaconda.org/conda-forge/win-64/geotiff-1.7.1-hbf5ca3a_15.conda#b57ca6d86e2f217bf5277e15361e88a8
https://conda.anaconda.org/conda-forge/win-64/glib-2.80.2-h0df6a38_0.conda#a728ca6f04c33ecb0f39eeda5fbd0e23
https://conda.anaconda.org/conda-forge/noarch/ipython-8.37.0-pyha7b4d00_0.conda#2ffea44095ca39b38b67599e8091bca3
https://conda.anaconda.org/conda-forge/noarch/jsonschema-specifications-2025.9.1-pyhcf101f3_0.conda#439cd0f567d697b20a8f45cb70a1005a
https://conda.anaconda.org/conda-forge/noarch/jupyter-builder-1.2.2-pyhcf101f3_0.conda#9672806e67ea8b09a61408597a418e20
https://conda.anaconda.org/conda-forge/noarch/jupyter_client-8.9.1-pyhcf101f3_0.conda#49440e66df843bee2273937e8032ec43
https://conda.anaconda.org/conda-forge/noarch/jupyter_server_terminals-0.5.4-pyhcf101f3_0.conda#7b8bace4943e0dc345fc45938826f2b8
https://conda.anaconda.org/conda-forge/win-64/kealib-1.5.3-h6c43f9b_2.conda#873b3deabbefe46d00cc81ce7d9547a7
https://conda.anaconda.org/conda-forge/win-64/libboost-devel-1.82.0-h91493d7_6.conda#0ce48cfffd4b52fd58cff8bf15217e3d
https://conda.anaconda.org/conda-forge/win-64/libgoogle-cloud-2.23.0-h68df31e_1.conda#a0ef5adaf00591f68185bc59c7ebcb48
https://conda.anaconda.org/conda-forge/win-64/libnetcdf-4.9.2-nompi_h008f77d_116.conda#cb226a2cc8909d2fa636fba3f623ae6b
https://conda.anaconda.org/conda-forge/win-64/libspatialite-5.1.0-hf2f0abc_4.conda#15d5d74335f53b34f05e6ee83c2e6119
https://conda.anaconda.org/conda-forge/win-64/m2w64-gcc-5.3.0-6.tar.bz2#797648133d4bdba6a4e1e1208ccbfe95
https://conda.anaconda.org/conda-forge/win-64/mkl-2024.2.2-h57928b3_16.conda#5cddc979c74b90cf5e5cda4f97d5d8bb
https://conda.anaconda.org/conda-forge/noarch/pip-26.2.1-pyh8b19718_0.conda#77b6cf3b0689d9fc68561df0db9b856d
https://conda.anaconda.org/conda-forge/win-64/pyproj-3.6.1-py310h05d47c7_5.conda#641a279b3b299070da17615ce9aa5136
https://conda.anaconda.org/conda-forge/win-64/zstandard-0.25.0-py310h1637853_2.conda#ee4a62116b95d83ff3d97497c5f4dd17
https://conda.anaconda.org/conda-forge/noarch/argon2-cffi-25.1.0-pyhd8ed1ab_0.conda#8ac12aff0860280ee0cff7fa2cf63f3b
https://conda.anaconda.org/conda-forge/win-64/aws-c-s3-0.5.9-h7a83f0e_0.conda#1fcee9f1b1ffa9ef65a3c54330b73f0e
https://conda.anaconda.org/conda-forge/win-64/azure-storage-blobs-cpp-12.10.0-h91493d7_1.conda#a542efec5e16debff638674a0fee1316
https://conda.anaconda.org/conda-forge/win-64/cairo-1.18.0-h91e5215_2.conda#7a0b2818b003bd79106c29f55126d2c3
https://conda.anaconda.org/conda-forge/win-64/cgal-cpp-5.6.1-h1344ace_0.conda#275164bd1bc7149d43e0fad7c077c13c
https://conda.anaconda.org/conda-forge/noarch/distributed-2026.7.1-pyhc364b38_0.conda#f06a1abc946ca9b6107851cf148621f3
https://conda.anaconda.org/conda-forge/win-64/gstreamer-1.24.5-h5006eae_0.conda#5f5d9ef53cd63a2bf341091786d031e5
https://conda.anaconda.org/conda-forge/noarch/httpcore-1.0.9-pyh29332c3_0.conda#4f14640d58e2cc0aa0819d9d8ba125bb
https://conda.anaconda.org/conda-forge/noarch/ipykernel-7.3.0-pyh6dadd2b_0.conda#dd5c51d5c42381ba4a2e0ce32e02ba17
https://conda.anaconda.org/conda-forge/noarch/ipywidgets-8.1.9-pyhd8ed1ab_0.conda#1efaf89bb5d9a6ff2ce5f84d25678f53
https://conda.anaconda.org/conda-forge/noarch/isoduration-20.11.0-pyhd8ed1ab_1.conda#0b0154421989637d424ccf0f104be51a
https://conda.anaconda.org/conda-forge/noarch/jsonschema-4.26.0-pyhcf101f3_1.conda#204b5ca91eba7738790ecc333facbbbe
https://conda.anaconda.org/conda-forge/win-64/libblas-3.9.0-35_h5709861_mkl.conda#45d98af023f8b4a7640b1f713ce6b602
https://conda.anaconda.org/conda-forge/win-64/libgoogle-cloud-storage-2.23.0-hb581fae_1.conda#af19093e2d4171ddef39e9d6457c4e2e
https://conda.anaconda.org/conda-forge/win-64/m2w64-gcc-ada-5.3.0-6.tar.bz2#c8a8e0901a7bdcd17162ae3673c07b13
https://conda.anaconda.org/conda-forge/win-64/m2w64-gcc-fortran-5.3.0-6.tar.bz2#39d0476d211ceff2401c85e11226061c
https://conda.anaconda.org/conda-forge/win-64/m2w64-gcc-objc-5.3.0-6.tar.bz2#02329f315cb49e40d9d480a3b78fbf84
https://conda.anaconda.org/conda-forge/win-64/netcdf-fortran-4.6.1-nompi_h52e177b_104.conda#37f052bad696707756dcd29fe453afc4
https://conda.anaconda.org/conda-forge/win-64/pillow-10.4.0-py310h3e38d90_1.conda#d9a32c4725436b99df60fdc9c14545d1
https://conda.anaconda.org/conda-forge/noarch/urllib3-2.5.0-pyhd8ed1ab_0.conda#436c165519e140cb08d246a4472a9d6a
https://conda.anaconda.org/conda-forge/win-64/aws-crt-cpp-0.26.8-h672a689_11.conda#13436e11b88d0574524de9e3f3330332
https://conda.anaconda.org/conda-forge/win-64/esmf-8.4.2-nompi_hee46c9f_3.conda#1d340938469146f6677a03329ed428c9
https://conda.anaconda.org/conda-forge/win-64/gst-plugins-base-1.24.5-hb0a98b8_0.conda#b770c056a4d17c9860ffa6464982db70
https://conda.anaconda.org/conda-forge/win-64/harfbuzz-9.0.0-h81778c3_0.conda#7b49dd4fc5ec701184302e848c79d813
https://conda.anaconda.org/conda-forge/noarch/httpx-0.28.1-pyhd8ed1ab_0.conda#d6989ead454181f4f9bc987d3dc4e285
https://conda.anaconda.org/conda-forge/noarch/jsonschema-with-format-nongpl-4.26.0-hcf101f3_1.conda#ae36c895b9e25a127d2acbdbaa87e301
https://conda.anaconda.org/conda-forge/win-64/libcblas-3.9.0-35_h2a3cdd5_mkl.conda#9639091d266e92438582d0cc4cfc8350
https://conda.anaconda.org/conda-forge/win-64/liblapack-3.9.0-35_hf9ab0e9_mkl.conda#0c6ed9d722cecda18f50f17fb3c30002
https://conda.anaconda.org/conda-forge/win-64/m2w64-toolchain-5.3.0-7.tar.bz2#03df12802fce730797d040e4349b4ea6
https://conda.anaconda.org/conda-forge/noarch/nbformat-5.11.1-pyhcf101f3_0.conda#2fbbf92e1173ae024f0b12759c1e64a1
https://conda.anaconda.org/conda-forge/win-64/poppler-24.03.0-hc2f3c52_0.conda#76d65f5a02e1ed1d914d8b7368e1a59e
https://conda.anaconda.org/conda-forge/noarch/requests-2.34.2-pyhcf101f3_0.conda#4a85203c1d80c1059086ae860836ffb9
https://conda.anaconda.org/conda-forge/win-64/aws-sdk-cpp-1.11.267-h12f3f85_8.conda#7f43d81e0a58785839ed2b5bd92984d1
https://conda.anaconda.org/conda-forge/noarch/jupyter_events-0.12.1-pyhcf101f3_0.conda#bf42ee94c750c0b2e7e998b79ac299ea
https://conda.anaconda.org/conda-forge/win-64/m2w64-toolchain_win-64-2.5.0-h57928b3_0.conda#11d4f79ba22e54391f4d3d2f47b7fdc5
https://conda.anaconda.org/conda-forge/noarch/nbclient-0.11.0-pyhd8ed1ab_0.conda#cf01a81d7960ad9c829bf2e794fcee9a
https://conda.anaconda.org/conda-forge/win-64/numpy-1.26.4-py310hf667824_0.conda#93e881c391880df90e74e43a4b67c16d
https://conda.anaconda.org/conda-forge/win-64/qt-main-5.15.8-h06adc49_22.conda#919650dc31edac6a17a99157aec4f87c
https://conda.anaconda.org/conda-forge/win-64/qt6-main-6.7.2-h913a85e_3.conda#1fe4efdad76237ca487850abcbe9b39a
https://conda.anaconda.org/conda-forge/win-64/cftime-1.6.5-py310h8f3aa81_1.conda#b4131cc422b2e99d808b6ff405d728c6
https://conda.anaconda.org/conda-forge/win-64/cmdstan-2.35.0-h192d684_1.conda#5069b48b1fb2c84911d3a00c7776fa70
https://conda.anaconda.org/conda-forge/noarch/colorspacious-1.1.2-pyhecae5ae_1.conda#04151bb8e351c6209caad045e4b1f4bd
https://conda.anaconda.org/conda-forge/win-64/contourpy-1.3.2-py310hc19bc0b_0.conda#039416813b5290e7d100a05bb4326110
https://conda.anaconda.org/conda-forge/noarch/esmpy-8.4.2-pyhc1e730c_4.conda#ddcf387719b2e44df0cc4dd467643951
https://conda.anaconda.org/conda-forge/noarch/folium-0.20.0-pyhd8ed1ab_0.conda#a6997a7dcd6673c0692c61dfeaea14ab
https://conda.anaconda.org/conda-forge/win-64/gsw-3.6.20-py310h8f3aa81_1.conda#0b28c927e8d4a6b624d242b706b53175
https://conda.anaconda.org/conda-forge/win-64/h5py-3.13.0-nompi_py310h2b0be38_100.conda#2ae28abdc4fe8fc89df85659c1cf8103
https://conda.anaconda.org/conda-forge/win-64/libarrow-16.1.0-h107e38f_1_cpu.conda#961bea6b676d58fcef28f6e5fecc296c
https://conda.anaconda.org/conda-forge/win-64/libboost-python-1.82.0-py310h4856b71_6.conda#b9c9fc8a26669e48a6f57c0687da6ad3
https://conda.anaconda.org/conda-forge/noarch/nbconvert-core-7.17.1-pyhcf101f3_0.conda#2bce0d047658a91b99441390b9b27045
https://conda.anaconda.org/conda-forge/win-64/numba-0.67.0-py310h699e580_1.conda#917e198f44ba2ad5b3e8e90cb49afabf
https://conda.anaconda.org/conda-forge/win-64/numcodecs-0.13.1-py310hb4db72f_0.conda#0d316ad384c5c153a67a416f1a8abf97
https://conda.anaconda.org/conda-forge/win-64/pandas-2.3.3-py310hed136d8_2.conda#fcec00cec231a3217c53341f74846c26
https://conda.anaconda.org/conda-forge/noarch/patsy-1.0.2-pyhcf101f3_0.conda#8678577a52161cc4e1c93fcc18e8a646
https://conda.anaconda.org/conda-forge/win-64/pyside6-6.7.2-py310h60c6385_4.conda#ad901c8baa8f13be97300b4dcf3b4107
https://conda.anaconda.org/conda-forge/win-64/qwt-6.2.0-h07be427_6.conda#1342676223cd7a0d49d554c533c29a84
https://conda.anaconda.org/conda-forge/win-64/scipy-1.15.2-py310h15c175c_0.conda#81798168111d1021e3d815217c444418
https://conda.anaconda.org/conda-forge/win-64/shapely-2.0.4-py310h67d2c13_1.conda#083999a9e46c55e6284a5e5fa7ea1b73
https://conda.anaconda.org/conda-forge/noarch/stanio-0.5.1-pyhd8ed1ab_1.conda#a4b46bbc8e0159f7970afef0ca758fdd
https://conda.anaconda.org/conda-forge/win-64/tiledb-2.21.2-hf39fa12_4.conda#17098a5abd703bb6d2a71a4d7d4576a7
https://conda.anaconda.org/conda-forge/noarch/bokeh-3.9.2-pyhd8ed1ab_0.conda#b2781afb860ae9ed84cb92bdebbc83ea
https://conda.anaconda.org/conda-forge/noarch/cmdstanpy-1.3.0-pyhd8ed1ab_0.conda#c44f1676a19ea9bc30d1f0be70a356dc
https://conda.anaconda.org/conda-forge/noarch/formulaic-1.2.2-pyhd8ed1ab_0.conda#f18f43fb3e20ab309d46faebfb3348b0
https://conda.anaconda.org/conda-forge/noarch/geopandas-base-1.1.4-pyha770c72_0.conda#6e31007c02f361338281bb78c5b84e7c
https://conda.anaconda.org/conda-forge/noarch/h5netcdf-1.8.1-pyhd8ed1ab_0.conda#ca7f9ba8762d3e360e47917a10e23760
https://conda.anaconda.org/conda-forge/noarch/jupyter_server-2.20.0-pyhcf101f3_0.conda#b2ddb0e13b5600070c4019c4db8a78e6
https://conda.anaconda.org/conda-forge/win-64/libarrow-acero-16.1.0-he0c23c2_1_cpu.conda#4a073ed514345d1968f2aa4ebec62967
https://conda.anaconda.org/conda-forge/win-64/libgdal-3.8.4-hf83a0e2_5.conda#0efb428de61baca5231bdf6ef0a4de2d
https://conda.anaconda.org/conda-forge/win-64/libparquet-16.1.0-h178134c_1_cpu.conda#da29ed68ed5514a7729ddea91bbd2249
https://conda.anaconda.org/conda-forge/win-64/matplotlib-base-3.10.9-py310h0bdd906_0.conda#e01cbae2840f394f891d8d29a376d410
https://conda.anaconda.org/conda-forge/win-64/netcdf4-1.7.2-nompi_py310h0a2a089_101.conda#970cb3b1cdcb328be3c4c13f37ffc93b
https://conda.anaconda.org/conda-forge/win-64/pyarrow-core-16.1.0-py310hcb4c9cb_0_cpu.conda#d56390f2e48d97d27275cc2b64cfb10f
https://conda.anaconda.org/conda-forge/win-64/scikit-learn-1.7.2-py310h21054b0_0.conda#2b93662be724f88f5196549133adbfe1
https://conda.anaconda.org/conda-forge/noarch/sparse-0.17.0-pyhcf101f3_0.conda#1b59de14a7e5888f939611e1fe329e00
https://conda.anaconda.org/conda-forge/noarch/xarray-2025.6.1-pyhd8ed1ab_1.conda#145c6f2ac90174d9ad1a2a51b9d7c1dd
https://conda.anaconda.org/conda-forge/noarch/zarr-2.18.3-pyhd8ed1ab_1.conda#3e9a0fee25417c432c4780b9597fc312
https://conda.anaconda.org/conda-forge/win-64/cartopy-0.25.0-np2py310h7578f05_3.conda#19d309be297852dbe018bff718fa625d
https://conda.anaconda.org/conda-forge/noarch/cf_xarray-0.10.6-pyhd8ed1ab_0.conda#ba7f685033288dd0baf3586500dc61b2
https://conda.anaconda.org/conda-forge/noarch/cmocean-4.0.3-pyhd8ed1ab_1.conda#dd71e4ec2fbffe38c0359976505f816e
https://conda.anaconda.org/conda-forge/win-64/gdal-3.8.4-py310h7028bf2_5.conda#747b9b757d11b86f0af91a450195c226
https://conda.anaconda.org/conda-forge/noarch/jupyter-lsp-2.3.1-pyhcf101f3_0.conda#0c3b465ceee138b9c39279cc02e5c4a0
https://conda.anaconda.org/conda-forge/noarch/jupyterlab_server-2.28.0-pyhcf101f3_0.conda#a63877cb23de826b1620d3adfccc4014
https://conda.anaconda.org/conda-forge/win-64/libarrow-dataset-16.1.0-he0c23c2_1_cpu.conda#f067f327c230283d927dcd02b5af96aa
https://conda.anaconda.org/conda-forge/noarch/mapclassify-2.8.1-pyhd8ed1ab_1.conda#c48bbb2bcc3f9f46741a7915d67e6839
https://conda.anaconda.org/conda-forge/win-64/matplotlib-3.10.9-py310h5588dad_0.conda#68eee27bd98ee313502647629b1cfa71
https://conda.anaconda.org/conda-forge/noarch/notebook-shim-0.2.4-pyhd8ed1ab_1.conda#e7f89ea5f7ea9401642758ff50a2d9c1
https://conda.anaconda.org/conda-forge/win-64/pygplates-0.39-py310h9a95f29_14.conda#7f74865277cb4524f38913a49bb01a6b
https://conda.anaconda.org/conda-forge/noarch/seaborn-base-0.13.2-pyhd8ed1ab_3.conda#fd96da444e81f9e6fcaac38590f3dd42
https://conda.anaconda.org/conda-forge/win-64/statsmodels-0.15.0-np2py310h04ddbaa_0.conda#08786ce9779dd410564ea17324935255
https://conda.anaconda.org/conda-forge/noarch/jupyterlab-4.6.3-pyhd8ed1ab_0.conda#e5527f195a1a1925b9207e9d47752480
https://conda.anaconda.org/conda-forge/win-64/libarrow-substrait-16.1.0-h1f0e801_1_cpu.conda#ffab58a154b77a805582ad6da4820dfc
https://conda.anaconda.org/conda-forge/win-64/pyogrio-0.7.2-py310h122fb02_1.conda#5a81f5a0e8f42592b9068878f8f72b46
https://conda.anaconda.org/conda-forge/noarch/seaborn-0.13.2-hd8ed1ab_3.conda#62afb877ca2c2b4b6f9ecb37320085b6
https://conda.anaconda.org/conda-forge/noarch/xesmf-0.8.7-pyhd8ed1ab_0.conda#42301f78a4c6d2500f891b9723160d5c
https://conda.anaconda.org/conda-forge/noarch/geopandas-1.1.4-pyhd8ed1ab_0.conda#99d77e0f92f7b0b977f77cfb49c7eaf6
https://conda.anaconda.org/conda-forge/win-64/pyarrow-16.1.0-py310h3bcd3f7_0.conda#0fa052c8e78df4aff453310e128261d2
https://conda.anaconda.org/conda-forge/noarch/dask-2026.7.1-pyhc364b38_0.conda#07d4f6b76ccd0a3721c0964dac50db99
# pip affine @ https://files.pythonhosted.org/packages/0b/f7/85273299ab57117850cc0a936c64151171fac4da49bc6fba0dad984a7c5f/affine-2.4.0-py3-none-any.whl#sha256=8a3df80e2b2378aef598a83c1392efd47967afec4242021a0b06b4c7cbc61a92
# pip bayfox @ https://files.pythonhosted.org/packages/9c/ec/63a661dd13b513938fc7e1e84705ca56a459753e9af62f0aa3c8972ed6b2/bayfox-0.0.1a3-py3-none-any.whl#sha256=0179e4b46eca8ac81193e9f4a2a8043cc8716360c8069c18b8a1398422d5c80a
# pip baysparpy @ https://files.pythonhosted.org/packages/8e/38/9ebd2f66f266c174c847c9202278126ed7ca177bc9a3e51cd73d7611ce6a/baysparpy-0.0.3-py3-none-any.whl#sha256=d6869869e679262ddcbce9291ace95353be07dabae501e0cd5ff8224837f7ca7
# pip baysplinepy @ https://files.pythonhosted.org/packages/d9/16/0e9c783ab7329464f68a374f9ef5fa25f66067f64981bb116343c1350a2c/baysplinepy-0.0.2-py3-none-any.whl#sha256=eb9a38a674c45a90c2559f926a46fb97bd85e5d44d4b985d197eaaa8df5070f5
# pip biopython @ https://files.pythonhosted.org/packages/2e/e2/a012d3df653fdb02f6388a0cbd74788893686d56fcdbf3cb6126944e3a1f/biopython-1.88-cp310-cp310-win_amd64.whl#sha256=0e732f44208f1bab7c42bfea94422609249bd897da6b25b5588618436e80a6d2
# pip click-plugins @ https://files.pythonhosted.org/packages/3d/9a/2abecb28ae875e39c8cad711eb1186d8d14eab564705325e77e4e6ab9ae5/click_plugins-1.1.1.2-py2.py3-none-any.whl#sha256=008d65743833ffc1f5417bf0e78e8d2c23aab04d9745ba817bd3e71b0feb6aa6
# pip cligj @ https://files.pythonhosted.org/packages/73/86/43fa9f15c5b9fb6e82620428827cd3c284aa933431405d1bcf5231ae3d3e/cligj-0.7.2-py3-none-any.whl#sha256=c1ca117dbce1fe20a5809dc96f01e1c2840f6dcc939b3ddbb1111bf330ba82df
# pip odrpack @ https://files.pythonhosted.org/packages/54/60/f754a3964135873bdc952c1f20d891e2bab19f0f5d2809e8edca69853e0b/odrpack-0.5.0-cp310-cp310-win_amd64.whl#sha256=935b842f822f2f601ec6529aba42eb36e62b2f6cab4470fa2c1699e33468ae8e
# pip pooch @ https://files.pythonhosted.org/packages/2a/2d/d4bf65e47cea8ff2c794a600c4fd1273a7902f268757c531e0ee9f18aa58/pooch-1.9.0-py3-none-any.whl#sha256=f265597baa9f760d25ceb29d0beb8186c243d6607b0f60b83ecf14078dbc703b
# pip pykrige @ https://files.pythonhosted.org/packages/84/49/66f6202f7d0697c697a55fb1fd0720f17e2cfb30f8ba63edb60168e77d59/pykrige-1.7.3-cp310-cp310-win_amd64.whl#sha256=0ef36a3f8eec3c69a9e7c0b599431d41fa2a831e6fbfdb469d81a8815857cb77
# pip pycirclize @ https://files.pythonhosted.org/packages/35/ef/a0090b20af352b9e8ca7b5ccef81940df63ba15cf5c66baf5c6145620537/pycirclize-1.10.1-py3-none-any.whl#sha256=fc571b0223195b651edd22011963628bddd92861a4053526b31035bb3347f43e
# pip rasterio @ https://files.pythonhosted.org/packages/40/e5/16acecbbaedd820c5d71f99f3bab73c00455078a414b511f6854364d3e1e/rasterio-1.4.4-cp310-cp310-win_amd64.whl#sha256=15109134c7b4770e6aeb8d45dc52c2603824805ba734323268a44f5a81756a7a
# pip texas-psm @ https://files.pythonhosted.org/packages/99/2f/5e693fbeb7c79f0dfbf77f46d9bf9a22f2789b34dc769db17cc8e1614b4d/texas_psm-0.1.10-py3-none-any.whl#sha256=f604fcd09324f46f20efd75d4108da62c03e1fa70b1f19839a326bfb6e8a8f15
# pip regionmask @ https://files.pythonhosted.org/packages/35/a4/fea8facd319ce29c27520406825e76c87fe07415cf34517e6e35cfb8f9fd/regionmask-0.13.0-py3-none-any.whl#sha256=3e1b58260f047904aa225dd8692ef48d697afa73760c66a69a51ff41ab2acd26
# pip ultraplot @ https://files.pythonhosted.org/packages/28/c1/609cc795bc370d34f4311118b9b20a9f322e973dbf68e16af105f27a6f7a/ultraplot-2.6.0-py3-none-any.whl#sha256=5f1d5e7af0c6d9f69996fc171aa2a9429785ba9a4cbbd60a39d71e96b5166bc0
